
Microsoft Visual Studio Solution File, Format Version 12.00
# Visual Studio Version 16
VisualStudioVersion = 16.0.31129.286
MinimumVisualStudioVersion = 10.0.40219.1
Project("{FAE04EC0-301F-11D3-BF4B-00C04F79EFBC}") = "LC509Fibonacci", "LC509Fibonacci\LC509Fibonacci.csproj", "{68738258-2E16-4DB1-9B5E-D49D2307BA26}"
EndProject
Global
	GlobalSection(SolutionConfigurationPlatforms) = preSolution
		Debug|Any CPU = Debug|Any CPU
		Release|Any CPU = Release|Any CPU
	EndGlobalSection
	GlobalSection(ProjectConfigurationPlatforms) = postSolution
		{68738258-2E16-4DB1-9B5E-D49D2307BA26}.Debug|Any CPU.ActiveCfg = Debug|Any CPU
		{68738258-2E16-4DB1-9B5E-D49D2307BA26}.Debug|Any CPU.Build.0 = Debug|Any CPU
		{68738258-2E16-4DB1-9B5E-D49D2307BA26}.Release|Any CPU.ActiveCfg = Release|Any CPU
		{68738258-2E16-4DB1-9B5E-D49D2307BA26}.Release|Any CPU.Build.0 = Release|Any CPU
	EndGlobalSection
	GlobalSection(SolutionProperties) = preSolution
		HideSolutionNode = FALSE
	EndGlobalSection
	GlobalSection(ExtensibilityGlobals) = postSolution
		SolutionGuid = {D73A1C8A-3E18-4E47-B4F4-B6134B62B70B}
	EndGlobalSection
EndGlobal
